%{"connection": {:hex, :connection, "1.0.2", "f4a06dd3ecae4141aa66f94ce92ea4c4b8753069472814932f1cadbc3078ab80", [:mix], []},
  "db_connection": {:hex, :db_connection, "1.0.0-rc.1", "4d9ac0db8a6edf401103b85ad29b40188b70adc649ba2a028df6ff2207cfb250", [:mix], [{:sbroker, "~> 1.0.0-beta.2", [hex: :sbroker, optional: true]}, {:poolboy, "~> 1.5", [hex: :poolboy, optional: true]}, {:connection, "~> 1.0.2", [hex: :connection, optional: false]}]},
  "decimal": {:hex, :decimal, "1.1.2", "79a769d4657b2d537b51ef3c02d29ab7141d2b486b516c109642d453ee08e00c", [:mix], []},
  "ecto": {:hex, :ecto, "2.0.0-rc.6", "a207218470d8c6366a20940e33f6f9fcd2e9a34c8e9779b808fe100f88c05f5e", [:mix], [{:poison, "~> 1.5 or ~> 2.0", [hex: :poison, optional: true]}, {:sbroker, "~> 1.0-beta", [hex: :sbroker, optional: true]}, {:postgrex, "~> 0.11.2", [hex: :postgrex, optional: true]}, {:mariaex, "~> 0.7.7", [hex: :mariaex, optional: true]}, {:decimal, "~> 1.0", [hex: :decimal, optional: false]}, {:poolboy, "~> 1.5", [hex: :poolboy, optional: false]}]},
  "poison": {:hex, :poison, "2.1.0", "f583218ced822675e484648fa26c933d621373f01c6c76bd00005d7bd4b82e27", [:mix], []},
  "poolboy": {:hex, :poolboy, "1.5.1", "6b46163901cfd0a1b43d692657ed9d7e599853b3b21b95ae5ae0a777cf9b6ca8", [:rebar], []},
  "postgrex": {:hex, :postgrex, "0.11.2", "139755c1359d3c5c6d6e8b1ea72556d39e2746f61c6ddfb442813c91f53487e8", [:mix], [{:connection, "~> 1.0", [hex: :connection, optional: false]}, {:db_connection, "~> 1.0-rc", [hex: :db_connection, optional: false]}, {:decimal, "~> 1.0", [hex: :decimal, optional: false]}]}}
